
Microsoft Visual Studio Solution File, Format Version 12.00
# Visual Studio Version 16
VisualStudioVersion = 16.0.31613.86
MinimumVisualStudioVersion = 10.0.40219.1
Project("{888888A0-9F3D-457C-B088-3A5042F75D52}") = "RC4 Encryption", "RC4 Encryption.pyproj", "{613FD329-B261-4625-8D9B-93972953002A}"
EndProject
Global
	GlobalSection(SolutionConfigurationPlatforms) = preSolution
		Debug|Any CPU = Debug|Any CPU
		Release|Any CPU = Release|Any CPU
	EndGlobalSection
	GlobalSection(ProjectConfigurationPlatforms) = postSolution
		{613FD329-B261-4625-8D9B-93972953002A}.Debug|Any CPU.ActiveCfg = Debug|Any CPU
		{613FD329-B261-4625-8D9B-93972953002A}.Release|Any CPU.ActiveCfg = Release|Any CPU
	EndGlobalSection
	GlobalSection(SolutionProperties) = preSolution
		HideSolutionNode = FALSE
	EndGlobalSection
	GlobalSection(ExtensibilityGlobals) = postSolution
		SolutionGuid = {A9D7F6EA-AC23-4CE2-9892-0D7787152EA1}
	EndGlobalSection
EndGlobal
